
Microsoft Visual Studio Solution File, Format Version 12.00
# Visual Studio Version 17
VisualStudioVersion = 17.3.32929.385
MinimumVisualStudioVersion = 10.0.40219.1
Project("{9A19103F-16F7-4668-BE54-9A1E7A4F7556}") = "Echobot", "1-Echobot\Echobot.csproj", "{56BCDB3C-DE0E-4980-902A-2702C028CB46}"
EndProject
Project("{9A19103F-16F7-4668-BE54-9A1E7A4F7556}") = "WelcomeUser", "2-WelcomeUser\WelcomeUser.csproj", "{48B98FE6-03CC-466B-A8F2-DED592C0D698}"
EndProject
Project("{FAE04EC0-301F-11D3-BF4B-00C04F79EFBC}") = "AzureOpenAIBot", "8-AzureOpenAIBot\AzureOpenAIBot.csproj", "{D491BDF3-3A93-4667-B54B-628FB209FE36}"
EndProject
Global
	GlobalSection(SolutionConfigurationPlatforms) = preSolution
		Debug|Any CPU = Debug|Any CPU
		Release|Any CPU = Release|Any CPU
	EndGlobalSection
	GlobalSection(ProjectConfigurationPlatforms) = postSolution
		{56BCDB3C-DE0E-4980-902A-2702C028CB46}.Debug|Any CPU.ActiveCfg = Debug|Any CPU
		{56BCDB3C-DE0E-4980-902A-2702C028CB46}.Debug|Any CPU.Build.0 = Debug|Any CPU
		{56BCDB3C-DE0E-4980-902A-2702C028CB46}.Release|Any CPU.ActiveCfg = Release|Any CPU
		{56BCDB3C-DE0E-4980-902A-2702C028CB46}.Release|Any CPU.Build.0 = Release|Any CPU
		{48B98FE6-03CC-466B-A8F2-DED592C0D698}.Debug|Any CPU.ActiveCfg = Debug|Any CPU
		{48B98FE6-03CC-466B-A8F2-DED592C0D698}.Debug|Any CPU.Build.0 = Debug|Any CPU
		{48B98FE6-03CC-466B-A8F2-DED592C0D698}.Release|Any CPU.ActiveCfg = Release|Any CPU
		{48B98FE6-03CC-466B-A8F2-DED592C0D698}.Release|Any CPU.Build.0 = Release|Any CPU
		{D491BDF3-3A93-4667-B54B-628FB209FE36}.Debug|Any CPU.ActiveCfg = Debug|Any CPU
		{D491BDF3-3A93-4667-B54B-628FB209FE36}.Debug|Any CPU.Build.0 = Debug|Any CPU
		{D491BDF3-3A93-4667-B54B-628FB209FE36}.Release|Any CPU.ActiveCfg = Release|Any CPU
		{D491BDF3-3A93-4667-B54B-628FB209FE36}.Release|Any CPU.Build.0 = Release|Any CPU
	EndGlobalSection
	GlobalSection(SolutionProperties) = preSolution
		HideSolutionNode = FALSE
	EndGlobalSection
	GlobalSection(ExtensibilityGlobals) = postSolution
		SolutionGuid = {03FEC8F3-8B2A-467E-9618-BC8149160C5B}
	EndGlobalSection
EndGlobal
